
Microsoft Visual Studio Solution File, Format Version 12.00
# Visual Studio Version 16
VisualStudioVersion = 16.0.29728.190
MinimumVisualStudioVersion = 10.0.40219.1
Project("{2150E333-8FDC-42A3-9474-1A3956D46DE8}") = "src", "src", "{107F2423-6B97-49B7-9FFC-CE074BD11075}"
EndProject
Project("{2150E333-8FDC-42A3-9474-1A3956D46DE8}") = "test", "test", "{FBF9FDC2-A2A4-458A-BF6B-BBE29521844F}"
EndProject
Project("{9A19103F-16F7-4668-BE54-9A1E7A4F7556}") = "Bank.Data", "Bank.Data\Bank.Data.csproj", "{9849E018-3307-40BE-88BA-DC4FBB3215D7}"
EndProject
Project("{FAE04EC0-301F-11D3-BF4B-00C04F79EFBC}") = "Bank.Services", "Bank.Services\Bank.Services.csproj", "{31B6E01D-05B0-4110-ABC9-6AAC1CEFEEDF}"
EndProject
Project("{FAE04EC0-301F-11D3-BF4B-00C04F79EFBC}") = "Bank.Model", "Bank.Model\Bank.Model.csproj", "{4F469F98-B220-4A89-8003-59E58B3BA66B}"
EndProject
Project("{FAE04EC0-301F-11D3-BF4B-00C04F79EFBC}") = "Bank.Test", "Bank.test\Bank.Test.csproj", "{15FB6A3A-6D0E-45DC-84E9-562696A1BE48}"
EndProject
Global
	GlobalSection(SolutionConfigurationPlatforms) = preSolution
		Debug|Any CPU = Debug|Any CPU
		Release|Any CPU = Release|Any CPU
	EndGlobalSection
	GlobalSection(ProjectConfigurationPlatforms) = postSolution
		{9849E018-3307-40BE-88BA-DC4FBB3215D7}.Debug|Any CPU.ActiveCfg = Debug|Any CPU
		{9849E018-3307-40BE-88BA-DC4FBB3215D7}.Debug|Any CPU.Build.0 = Debug|Any CPU
		{9849E018-3307-40BE-88BA-DC4FBB3215D7}.Release|Any CPU.ActiveCfg = Release|Any CPU
		{9849E018-3307-40BE-88BA-DC4FBB3215D7}.Release|Any CPU.Build.0 = Release|Any CPU
		{31B6E01D-05B0-4110-ABC9-6AAC1CEFEEDF}.Debug|Any CPU.ActiveCfg = Debug|Any CPU
		{31B6E01D-05B0-4110-ABC9-6AAC1CEFEEDF}.Debug|Any CPU.Build.0 = Debug|Any CPU
		{31B6E01D-05B0-4110-ABC9-6AAC1CEFEEDF}.Release|Any CPU.ActiveCfg = Release|Any CPU
		{31B6E01D-05B0-4110-ABC9-6AAC1CEFEEDF}.Release|Any CPU.Build.0 = Release|Any CPU
		{4F469F98-B220-4A89-8003-59E58B3BA66B}.Debug|Any CPU.ActiveCfg = Debug|Any CPU
		{4F469F98-B220-4A89-8003-59E58B3BA66B}.Debug|Any CPU.Build.0 = Debug|Any CPU
		{4F469F98-B220-4A89-8003-59E58B3BA66B}.Release|Any CPU.ActiveCfg = Release|Any CPU
		{4F469F98-B220-4A89-8003-59E58B3BA66B}.Release|Any CPU.Build.0 = Release|Any CPU
		{15FB6A3A-6D0E-45DC-84E9-562696A1BE48}.Debug|Any CPU.ActiveCfg = Debug|Any CPU
		{15FB6A3A-6D0E-45DC-84E9-562696A1BE48}.Debug|Any CPU.Build.0 = Debug|Any CPU
		{15FB6A3A-6D0E-45DC-84E9-562696A1BE48}.Release|Any CPU.ActiveCfg = Release|Any CPU
		{15FB6A3A-6D0E-45DC-84E9-562696A1BE48}.Release|Any CPU.Build.0 = Release|Any CPU
	EndGlobalSection
	GlobalSection(SolutionProperties) = preSolution
		HideSolutionNode = FALSE
	EndGlobalSection
	GlobalSection(NestedProjects) = preSolution
		{9849E018-3307-40BE-88BA-DC4FBB3215D7} = {107F2423-6B97-49B7-9FFC-CE074BD11075}
	EndGlobalSection
	GlobalSection(ExtensibilityGlobals) = postSolution
		SolutionGuid = {4BA3E600-0559-428C-A797-B3943AD5E802}
	EndGlobalSection
EndGlobal
